
Microsoft Visual Studio Solution File, Format Version 12.00
# Visual Studio 14
VisualStudioVersion = 14.0.24720.0
MinimumVisualStudioVersion = 10.0.40219.1
Project("{FAE04EC0-301F-11D3-BF4B-00C04F79EFBC}") = "SampleProject", "SampleProject\SampleProject.csproj", "{D43EA23F-4F5B-428B-B109-BFD77A9748F3}"
EndProject
Project("{FAE04EC0-301F-11D3-BF4B-00C04F79EFBC}") = "SampleProject.Test", "SampleProject.Test\SampleProject.Test.csproj", "{2C002112-A07A-490F-BC36-BDE3E1033317}"
EndProject
Global
	GlobalSection(SolutionConfigurationPlatforms) = preSolution
		Debug|Any CPU = Debug|Any CPU
		Release|Any CPU = Release|Any CPU
	EndGlobalSection
	GlobalSection(ProjectConfigurationPlatforms) = postSolution
		{D43EA23F-4F5B-428B-B109-BFD77A9748F3}.Debug|Any CPU.ActiveCfg = Debug|Any CPU
		{D43EA23F-4F5B-428B-B109-BFD77A9748F3}.Debug|Any CPU.Build.0 = Debug|Any CPU
		{D43EA23F-4F5B-428B-B109-BFD77A9748F3}.Release|Any CPU.ActiveCfg = Release|Any CPU
		{D43EA23F-4F5B-428B-B109-BFD77A9748F3}.Release|Any CPU.Build.0 = Release|Any CPU
		{2C002112-A07A-490F-BC36-BDE3E1033317}.Debug|Any CPU.ActiveCfg = Debug|Any CPU
		{2C002112-A07A-490F-BC36-BDE3E1033317}.Debug|Any CPU.Build.0 = Debug|Any CPU
		{2C002112-A07A-490F-BC36-BDE3E1033317}.Release|Any CPU.ActiveCfg = Release|Any CPU
		{2C002112-A07A-490F-BC36-BDE3E1033317}.Release|Any CPU.Build.0 = Release|Any CPU
	EndGlobalSection
	GlobalSection(SolutionProperties) = preSolution
		HideSolutionNode = FALSE
	EndGlobalSection
EndGlobal
